
Microsoft Visual Studio Solution File, Format Version 12.00
Project("{FAE04EC0-301F-11D3-BF4B-00C04F79EFBC}") = "Domain", "Domain\Domain.csproj", "{284C2073-1D61-4D73-B96A-9E3A8DA27763}"
EndProject
Project("{FAE04EC0-301F-11D3-BF4B-00C04F79EFBC}") = "Application", "Application\Application.csproj", "{C5C61007-00F7-4EB8-93D8-BFF1F71158B3}"
EndProject
Project("{FAE04EC0-301F-11D3-BF4B-00C04F79EFBC}") = "Infrastructure", "Infrastructure\Infrastructure.csproj", "{B242DC97-0F3B-4091-857C-DFC803F8AAB7}"
EndProject
Project("{FAE04EC0-301F-11D3-BF4B-00C04F79EFBC}") = "Web.Api", "Web.Api\Web.Api.csproj", "{994F48A5-94EA-4A09-B841-6F9FF6626588}"
EndProject
Project("{2150E333-8FDC-42A3-9474-1A3956D46DE8}") = "Solution Items", "Solution Items", "{A811FC88-0361-45E5-BAD1-4194EE91F726}"
	ProjectSection(SolutionItems) = preProject
		docker-compose.yml = docker-compose.yml
	EndProjectSection
EndProject
Global
	GlobalSection(SolutionConfigurationPlatforms) = preSolution
		Debug|Any CPU = Debug|Any CPU
		Release|Any CPU = Release|Any CPU
	EndGlobalSection
	GlobalSection(ProjectConfigurationPlatforms) = postSolution
		{284C2073-1D61-4D73-B96A-9E3A8DA27763}.Debug|Any CPU.ActiveCfg = Debug|Any CPU
		{284C2073-1D61-4D73-B96A-9E3A8DA27763}.Debug|Any CPU.Build.0 = Debug|Any CPU
		{284C2073-1D61-4D73-B96A-9E3A8DA27763}.Release|Any CPU.ActiveCfg = Release|Any CPU
		{284C2073-1D61-4D73-B96A-9E3A8DA27763}.Release|Any CPU.Build.0 = Release|Any CPU
		{C5C61007-00F7-4EB8-93D8-BFF1F71158B3}.Debug|Any CPU.ActiveCfg = Debug|Any CPU
		{C5C61007-00F7-4EB8-93D8-BFF1F71158B3}.Debug|Any CPU.Build.0 = Debug|Any CPU
		{C5C61007-00F7-4EB8-93D8-BFF1F71158B3}.Release|Any CPU.ActiveCfg = Release|Any CPU
		{C5C61007-00F7-4EB8-93D8-BFF1F71158B3}.Release|Any CPU.Build.0 = Release|Any CPU
		{B242DC97-0F3B-4091-857C-DFC803F8AAB7}.Debug|Any CPU.ActiveCfg = Debug|Any CPU
		{B242DC97-0F3B-4091-857C-DFC803F8AAB7}.Debug|Any CPU.Build.0 = Debug|Any CPU
		{B242DC97-0F3B-4091-857C-DFC803F8AAB7}.Release|Any CPU.ActiveCfg = Release|Any CPU
		{B242DC97-0F3B-4091-857C-DFC803F8AAB7}.Release|Any CPU.Build.0 = Release|Any CPU
		{994F48A5-94EA-4A09-B841-6F9FF6626588}.Debug|Any CPU.ActiveCfg = Debug|Any CPU
		{994F48A5-94EA-4A09-B841-6F9FF6626588}.Debug|Any CPU.Build.0 = Debug|Any CPU
		{994F48A5-94EA-4A09-B841-6F9FF6626588}.Release|Any CPU.ActiveCfg = Release|Any CPU
		{994F48A5-94EA-4A09-B841-6F9FF6626588}.Release|Any CPU.Build.0 = Release|Any CPU
	EndGlobalSection
EndGlobal
