<Solution>
  <Folder Name="/Solution Items/">
    <File Path="../.gitignore" />
    <File Path="specs/mission.md" />
    <File Path="specs/roadmap.md" />
    <File Path="specs/tech-stack.md" />
  </Folder>
  <Folder Name="/Solution Items/Docker/">
    <File Path=".dockerignore" />
    <File Path="docker-compose.override.yml" />
    <File Path="docker-compose.yml" />
  </Folder>
  <Folder Name="/Solution Items/Local Secrets/">
    <File Path=".secrets/.gitignore" />
    <File Path=".secrets/postgres_password.txt" />
  </Folder>
  <Folder Name="/tests/">
    <Project Path="../tests/UnitTests/UnitTests.csproj" />
  </Folder>
  <Project Path="Application/Application.csproj" />
  <Project Path="Domain/Domain.csproj" />
  <Project Path="Infrastructure/Infrastructure.csproj" />
  <Project Path="Web.Api/Web.Api.csproj" />
</Solution>
